
Microsoft Visual Studio Solution File, Format Version 12.00
# Visual Studio Express 2012 for Windows Desktop
Project("{FAE04EC0-301F-11D3-BF4B-00C04F79EFBC}") = "ParkingGarageDeux2", "ParkingGarageDeux2\ParkingGarageDeux2.csproj", "{53125326-E9AC-46C8-8DDA-1A803BD3737E}"
EndProject
Global
	GlobalSection(SolutionConfigurationPlatforms) = preSolution
		Debug|Any CPU = Debug|Any CPU
		Release|Any CPU = Release|Any CPU
	EndGlobalSection
	GlobalSection(ProjectConfigurationPlatforms) = postSolution
		{53125326-E9AC-46C8-8DDA-1A803BD3737E}.Debug|Any CPU.ActiveCfg = Debug|Any CPU
		{53125326-E9AC-46C8-8DDA-1A803BD3737E}.Debug|Any CPU.Build.0 = Debug|Any CPU
		{53125326-E9AC-46C8-8DDA-1A803BD3737E}.Release|Any CPU.ActiveCfg = Release|Any CPU
		{53125326-E9AC-46C8-8DDA-1A803BD3737E}.Release|Any CPU.Build.0 = Release|Any CPU
	EndGlobalSection
	GlobalSection(SolutionProperties) = preSolution
		HideSolutionNode = FALSE
	EndGlobalSection
EndGlobal
